
Microsoft Visual Studio Solution File, Format Version 12.00
# Visual Studio Version 17
VisualStudioVersion = 17.0.31903.59
MinimumVisualStudioVersion = 10.0.40219.1
Project("{2150E333-8FDC-42A3-9474-1A3956D46DE8}") = "GeneticSharp", "GeneticSharp", "{DD52F137-2078-4325-54B0-EABF9A41A09F}"
EndProject
Project("{FAE04EC0-301F-11D3-BF4B-00C04F79EFBC}") = "GeneticSharp.Domain", "GeneticSharp\src\GeneticSharp.Domain\GeneticSharp.Domain.csproj", "{933E06CA-3357-4B31-B404-800DF297B273}"
EndProject
Project("{FAE04EC0-301F-11D3-BF4B-00C04F79EFBC}") = "GeneticSharp.Infrastructure.Framework", "GeneticSharp\src\GeneticSharp.Infrastructure.Framework\GeneticSharp.Infrastructure.Framework.csproj", "{9666BFB7-CE4C-4037-B7D0-D1D36255F633}"
EndProject
Project("{FAE04EC0-301F-11D3-BF4B-00C04F79EFBC}") = "GeneticSharp.Extensions", "GeneticSharp\src\GeneticSharp.Extensions\GeneticSharp.Extensions.csproj", "{F0F2B18D-A6A7-4E09-8556-2AE5F4796045}"
EndProject
Project("{2150E333-8FDC-42A3-9474-1A3956D46DE8}") = "src", "src", "{827E0CD3-B72D-47B6-A68D-7590B98EB39B}"
EndProject
Project("{FAE04EC0-301F-11D3-BF4B-00C04F79EFBC}") = "MetaGeneticSharp.Domain", "src\MetaGeneticSharp.Domain\MetaGeneticSharp.Domain.csproj", "{83CD8208-80A1-4030-84CF-56E88A2B7B5F}"
EndProject
Project("{FAE04EC0-301F-11D3-BF4B-00C04F79EFBC}") = "MetaGeneticSharp.Infrastructure", "src\MetaGeneticSharp.Infrastructure\MetaGeneticSharp.Infrastructure.csproj", "{0DD57F3F-A7F1-4440-BAF4-429AD9C8CD58}"
EndProject
Project("{FAE04EC0-301F-11D3-BF4B-00C04F79EFBC}") = "MetaGeneticSharp.Extensions", "src\MetaGeneticSharp.Extensions\MetaGeneticSharp.Extensions.csproj", "{EB29425F-507F-4193-AB8E-6818D49E0E27}"
EndProject
Project("{2150E333-8FDC-42A3-9474-1A3956D46DE8}") = "tests", "tests", "{0AB3BF05-4346-4AA6-1389-037BE0695223}"
EndProject
Project("{FAE04EC0-301F-11D3-BF4B-00C04F79EFBC}") = "MetaGeneticSharp.Domain.Tests", "tests\MetaGeneticSharp.Domain.Tests\MetaGeneticSharp.Domain.Tests.csproj", "{57F4BFE1-30A1-47EB-9181-FCABB65A4620}"
EndProject
Project("{FAE04EC0-301F-11D3-BF4B-00C04F79EFBC}") = "MetaGeneticSharp.Extensions.Tests", "tests\MetaGeneticSharp.Extensions.Tests\MetaGeneticSharp.Extensions.Tests.csproj", "{170651A9-0D63-4CA9-9FC1-8119D5D25B82}"
EndProject
Project("{FAE04EC0-301F-11D3-BF4B-00C04F79EFBC}") = "MetaGeneticSharp.Infrastructure.Tests", "tests\MetaGeneticSharp.Infrastructure.Tests\MetaGeneticSharp.Infrastructure.Tests.csproj", "{6E53EDBD-D58F-4E74-9DD6-EDBD2E57F06F}"
EndProject
Global
	GlobalSection(SolutionConfigurationPlatforms) = preSolution
		Debug|Any CPU = Debug|Any CPU
		Debug|x64 = Debug|x64
		Debug|x86 = Debug|x86
		Release|Any CPU = Release|Any CPU
		Release|x64 = Release|x64
		Release|x86 = Release|x86
	EndGlobalSection
	GlobalSection(ProjectConfigurationPlatforms) = postSolution
		{933E06CA-3357-4B31-B404-800DF297B273}.Debug|Any CPU.ActiveCfg = Debug|Any CPU
		{933E06CA-3357-4B31-B404-800DF297B273}.Debug|Any CPU.Build.0 = Debug|Any CPU
		{933E06CA-3357-4B31-B404-800DF297B273}.Debug|x64.ActiveCfg = Debug|Any CPU
		{933E06CA-3357-4B31-B404-800DF297B273}.Debug|x64.Build.0 = Debug|Any CPU
		{933E06CA-3357-4B31-B404-800DF297B273}.Debug|x86.ActiveCfg = Debug|Any CPU
		{933E06CA-3357-4B31-B404-800DF297B273}.Debug|x86.Build.0 = Debug|Any CPU
		{933E06CA-3357-4B31-B404-800DF297B273}.Release|Any CPU.ActiveCfg = Release|Any CPU
		{933E06CA-3357-4B31-B404-800DF297B273}.Release|Any CPU.Build.0 = Release|Any CPU
		{933E06CA-3357-4B31-B404-800DF297B273}.Release|x64.ActiveCfg = Release|Any CPU
		{933E06CA-3357-4B31-B404-800DF297B273}.Release|x64.Build.0 = Release|Any CPU
		{933E06CA-3357-4B31-B404-800DF297B273}.Release|x86.ActiveCfg = Release|Any CPU
		{933E06CA-3357-4B31-B404-800DF297B273}.Release|x86.Build.0 = Release|Any CPU
		{9666BFB7-CE4C-4037-B7D0-D1D36255F633}.Debug|Any CPU.ActiveCfg = Debug|Any CPU
		{9666BFB7-CE4C-4037-B7D0-D1D36255F633}.Debug|Any CPU.Build.0 = Debug|Any CPU
		{9666BFB7-CE4C-4037-B7D0-D1D36255F633}.Debug|x64.ActiveCfg = Debug|Any CPU
		{9666BFB7-CE4C-4037-B7D0-D1D36255F633}.Debug|x64.Build.0 = Debug|Any CPU
		{9666BFB7-CE4C-4037-B7D0-D1D36255F633}.Debug|x86.ActiveCfg = Debug|Any CPU
		{9666BFB7-CE4C-4037-B7D0-D1D36255F633}.Debug|x86.Build.0 = Debug|Any CPU
		{9666BFB7-CE4C-4037-B7D0-D1D36255F633}.Release|Any CPU.ActiveCfg = Release|Any CPU
		{9666BFB7-CE4C-4037-B7D0-D1D36255F633}.Release|Any CPU.Build.0 = Release|Any CPU
		{9666BFB7-CE4C-4037-B7D0-D1D36255F633}.Release|x64.ActiveCfg = Release|Any CPU
		{9666BFB7-CE4C-4037-B7D0-D1D36255F633}.Release|x64.Build.0 = Release|Any CPU
		{9666BFB7-CE4C-4037-B7D0-D1D36255F633}.Release|x86.ActiveCfg = Release|Any CPU
		{9666BFB7-CE4C-4037-B7D0-D1D36255F633}.Release|x86.Build.0 = Release|Any CPU
		{F0F2B18D-A6A7-4E09-8556-2AE5F4796045}.Debug|Any CPU.ActiveCfg = Debug|Any CPU
		{F0F2B18D-A6A7-4E09-8556-2AE5F4796045}.Debug|Any CPU.Build.0 = Debug|Any CPU
		{F0F2B18D-A6A7-4E09-8556-2AE5F4796045}.Debug|x64.ActiveCfg = Debug|Any CPU
		{F0F2B18D-A6A7-4E09-8556-2AE5F4796045}.Debug|x64.Build.0 = Debug|Any CPU
		{F0F2B18D-A6A7-4E09-8556-2AE5F4796045}.Debug|x86.ActiveCfg = Debug|Any CPU
		{F0F2B18D-A6A7-4E09-8556-2AE5F4796045}.Debug|x86.Build.0 = Debug|Any CPU
		{F0F2B18D-A6A7-4E09-8556-2AE5F4796045}.Release|Any CPU.ActiveCfg = Release|Any CPU
		{F0F2B18D-A6A7-4E09-8556-2AE5F4796045}.Release|Any CPU.Build.0 = Release|Any CPU
		{F0F2B18D-A6A7-4E09-8556-2AE5F4796045}.Release|x64.ActiveCfg = Release|Any CPU
		{F0F2B18D-A6A7-4E09-8556-2AE5F4796045}.Release|x64.Build.0 = Release|Any CPU
		{F0F2B18D-A6A7-4E09-8556-2AE5F4796045}.Release|x86.ActiveCfg = Release|Any CPU
		{F0F2B18D-A6A7-4E09-8556-2AE5F4796045}.Release|x86.Build.0 = Release|Any CPU
		{83CD8208-80A1-4030-84CF-56E88A2B7B5F}.Debug|Any CPU.ActiveCfg = Debug|Any CPU
		{83CD8208-80A1-4030-84CF-56E88A2B7B5F}.Debug|Any CPU.Build.0 = Debug|Any CPU
		{83CD8208-80A1-4030-84CF-56E88A2B7B5F}.Debug|x64.ActiveCfg = Debug|Any CPU
		{83CD8208-80A1-4030-84CF-56E88A2B7B5F}.Debug|x64.Build.0 = Debug|Any CPU
		{83CD8208-80A1-4030-84CF-56E88A2B7B5F}.Debug|x86.ActiveCfg = Debug|Any CPU
		{83CD8208-80A1-4030-84CF-56E88A2B7B5F}.Debug|x86.Build.0 = Debug|Any CPU
		{83CD8208-80A1-4030-84CF-56E88A2B7B5F}.Release|Any CPU.ActiveCfg = Release|Any CPU
		{83CD8208-80A1-4030-84CF-56E88A2B7B5F}.Release|Any CPU.Build.0 = Release|Any CPU
		{83CD8208-80A1-4030-84CF-56E88A2B7B5F}.Release|x64.ActiveCfg = Release|Any CPU
		{83CD8208-80A1-4030-84CF-56E88A2B7B5F}.Release|x64.Build.0 = Release|Any CPU
		{83CD8208-80A1-4030-84CF-56E88A2B7B5F}.Release|x86.ActiveCfg = Release|Any CPU
		{83CD8208-80A1-4030-84CF-56E88A2B7B5F}.Release|x86.Build.0 = Release|Any CPU
		{0DD57F3F-A7F1-4440-BAF4-429AD9C8CD58}.Debug|Any CPU.ActiveCfg = Debug|Any CPU
		{0DD57F3F-A7F1-4440-BAF4-429AD9C8CD58}.Debug|Any CPU.Build.0 = Debug|Any CPU
		{0DD57F3F-A7F1-4440-BAF4-429AD9C8CD58}.Debug|x64.ActiveCfg = Debug|Any CPU
		{0DD57F3F-A7F1-4440-BAF4-429AD9C8CD58}.Debug|x64.Build.0 = Debug|Any CPU
		{0DD57F3F-A7F1-4440-BAF4-429AD9C8CD58}.Debug|x86.ActiveCfg = Debug|Any CPU
		{0DD57F3F-A7F1-4440-BAF4-429AD9C8CD58}.Debug|x86.Build.0 = Debug|Any CPU
		{0DD57F3F-A7F1-4440-BAF4-429AD9C8CD58}.Release|Any CPU.ActiveCfg = Release|Any CPU
		{0DD57F3F-A7F1-4440-BAF4-429AD9C8CD58}.Release|Any CPU.Build.0 = Release|Any CPU
		{0DD57F3F-A7F1-4440-BAF4-429AD9C8CD58}.Release|x64.ActiveCfg = Release|Any CPU
		{0DD57F3F-A7F1-4440-BAF4-429AD9C8CD58}.Release|x64.Build.0 = Release|Any CPU
		{0DD57F3F-A7F1-4440-BAF4-429AD9C8CD58}.Release|x86.ActiveCfg = Release|Any CPU
		{0DD57F3F-A7F1-4440-BAF4-429AD9C8CD58}.Release|x86.Build.0 = Release|Any CPU
		{EB29425F-507F-4193-AB8E-6818D49E0E27}.Debug|Any CPU.ActiveCfg = Debug|Any CPU
		{EB29425F-507F-4193-AB8E-6818D49E0E27}.Debug|Any CPU.Build.0 = Debug|Any CPU
		{EB29425F-507F-4193-AB8E-6818D49E0E27}.Debug|x64.ActiveCfg = Debug|Any CPU
		{EB29425F-507F-4193-AB8E-6818D49E0E27}.Debug|x64.Build.0 = Debug|Any CPU
		{EB29425F-507F-4193-AB8E-6818D49E0E27}.Debug|x86.ActiveCfg = Debug|Any CPU
		{EB29425F-507F-4193-AB8E-6818D49E0E27}.Debug|x86.Build.0 = Debug|Any CPU
		{EB29425F-507F-4193-AB8E-6818D49E0E27}.Release|Any CPU.ActiveCfg = Release|Any CPU
		{EB29425F-507F-4193-AB8E-6818D49E0E27}.Release|Any CPU.Build.0 = Release|Any CPU
		{EB29425F-507F-4193-AB8E-6818D49E0E27}.Release|x64.ActiveCfg = Release|Any CPU
		{EB29425F-507F-4193-AB8E-6818D49E0E27}.Release|x64.Build.0 = Release|Any CPU
		{EB29425F-507F-4193-AB8E-6818D49E0E27}.Release|x86.ActiveCfg = Release|Any CPU
		{EB29425F-507F-4193-AB8E-6818D49E0E27}.Release|x86.Build.0 = Release|Any CPU
		{57F4BFE1-30A1-47EB-9181-FCABB65A4620}.Debug|Any CPU.ActiveCfg = Debug|Any CPU
		{57F4BFE1-30A1-47EB-9181-FCABB65A4620}.Debug|Any CPU.Build.0 = Debug|Any CPU
		{57F4BFE1-30A1-47EB-9181-FCABB65A4620}.Debug|x64.ActiveCfg = Debug|Any CPU
		{57F4BFE1-30A1-47EB-9181-FCABB65A4620}.Debug|x64.Build.0 = Debug|Any CPU
		{57F4BFE1-30A1-47EB-9181-FCABB65A4620}.Debug|x86.ActiveCfg = Debug|Any CPU
		{57F4BFE1-30A1-47EB-9181-FCABB65A4620}.Debug|x86.Build.0 = Debug|Any CPU
		{57F4BFE1-30A1-47EB-9181-FCABB65A4620}.Release|Any CPU.ActiveCfg = Release|Any CPU
		{57F4BFE1-30A1-47EB-9181-FCABB65A4620}.Release|Any CPU.Build.0 = Release|Any CPU
		{57F4BFE1-30A1-47EB-9181-FCABB65A4620}.Release|x64.ActiveCfg = Release|Any CPU
		{57F4BFE1-30A1-47EB-9181-FCABB65A4620}.Release|x64.Build.0 = Release|Any CPU
		{57F4BFE1-30A1-47EB-9181-FCABB65A4620}.Release|x86.ActiveCfg = Release|Any CPU
		{57F4BFE1-30A1-47EB-9181-FCABB65A4620}.Release|x86.Build.0 = Release|Any CPU
		{170651A9-0D63-4CA9-9FC1-8119D5D25B82}.Debug|Any CPU.ActiveCfg = Debug|Any CPU
		{170651A9-0D63-4CA9-9FC1-8119D5D25B82}.Debug|Any CPU.Build.0 = Debug|Any CPU
		{170651A9-0D63-4CA9-9FC1-8119D5D25B82}.Debug|x64.ActiveCfg = Debug|Any CPU
		{170651A9-0D63-4CA9-9FC1-8119D5D25B82}.Debug|x64.Build.0 = Debug|Any CPU
		{170651A9-0D63-4CA9-9FC1-8119D5D25B82}.Debug|x86.ActiveCfg = Debug|Any CPU
		{170651A9-0D63-4CA9-9FC1-8119D5D25B82}.Debug|x86.Build.0 = Debug|Any CPU
		{170651A9-0D63-4CA9-9FC1-8119D5D25B82}.Release|Any CPU.ActiveCfg = Release|Any CPU
		{170651A9-0D63-4CA9-9FC1-8119D5D25B82}.Release|Any CPU.Build.0 = Release|Any CPU
		{170651A9-0D63-4CA9-9FC1-8119D5D25B82}.Release|x64.ActiveCfg = Release|Any CPU
		{170651A9-0D63-4CA9-9FC1-8119D5D25B82}.Release|x64.Build.0 = Release|Any CPU
		{170651A9-0D63-4CA9-9FC1-8119D5D25B82}.Release|x86.ActiveCfg = Release|Any CPU
		{170651A9-0D63-4CA9-9FC1-8119D5D25B82}.Release|x86.Build.0 = Release|Any CPU
		{6E53EDBD-D58F-4E74-9DD6-EDBD2E57F06F}.Debug|Any CPU.ActiveCfg = Debug|Any CPU
		{6E53EDBD-D58F-4E74-9DD6-EDBD2E57F06F}.Debug|Any CPU.Build.0 = Debug|Any CPU
		{6E53EDBD-D58F-4E74-9DD6-EDBD2E57F06F}.Debug|x64.ActiveCfg = Debug|Any CPU
		{6E53EDBD-D58F-4E74-9DD6-EDBD2E57F06F}.Debug|x64.Build.0 = Debug|Any CPU
		{6E53EDBD-D58F-4E74-9DD6-EDBD2E57F06F}.Debug|x86.ActiveCfg = Debug|Any CPU
		{6E53EDBD-D58F-4E74-9DD6-EDBD2E57F06F}.Debug|x86.Build.0 = Debug|Any CPU
		{6E53EDBD-D58F-4E74-9DD6-EDBD2E57F06F}.Release|Any CPU.ActiveCfg = Release|Any CPU
		{6E53EDBD-D58F-4E74-9DD6-EDBD2E57F06F}.Release|Any CPU.Build.0 = Release|Any CPU
		{6E53EDBD-D58F-4E74-9DD6-EDBD2E57F06F}.Release|x64.ActiveCfg = Release|Any CPU
		{6E53EDBD-D58F-4E74-9DD6-EDBD2E57F06F}.Release|x64.Build.0 = Release|Any CPU
		{6E53EDBD-D58F-4E74-9DD6-EDBD2E57F06F}.Release|x86.ActiveCfg = Release|Any CPU
		{6E53EDBD-D58F-4E74-9DD6-EDBD2E57F06F}.Release|x86.Build.0 = Release|Any CPU
	EndGlobalSection
	GlobalSection(SolutionProperties) = preSolution
		HideSolutionNode = FALSE
	EndGlobalSection
	GlobalSection(NestedProjects) = preSolution
		{933E06CA-3357-4B31-B404-800DF297B273} = {DD52F137-2078-4325-54B0-EABF9A41A09F}
		{9666BFB7-CE4C-4037-B7D0-D1D36255F633} = {DD52F137-2078-4325-54B0-EABF9A41A09F}
		{F0F2B18D-A6A7-4E09-8556-2AE5F4796045} = {DD52F137-2078-4325-54B0-EABF9A41A09F}
		{83CD8208-80A1-4030-84CF-56E88A2B7B5F} = {827E0CD3-B72D-47B6-A68D-7590B98EB39B}
		{0DD57F3F-A7F1-4440-BAF4-429AD9C8CD58} = {827E0CD3-B72D-47B6-A68D-7590B98EB39B}
		{EB29425F-507F-4193-AB8E-6818D49E0E27} = {827E0CD3-B72D-47B6-A68D-7590B98EB39B}
		{57F4BFE1-30A1-47EB-9181-FCABB65A4620} = {0AB3BF05-4346-4AA6-1389-037BE0695223}
		{170651A9-0D63-4CA9-9FC1-8119D5D25B82} = {0AB3BF05-4346-4AA6-1389-037BE0695223}
		{6E53EDBD-D58F-4E74-9DD6-EDBD2E57F06F} = {0AB3BF05-4346-4AA6-1389-037BE0695223}
	EndGlobalSection
EndGlobal
